GEM
  remote: https://rubygems.org/
  specs:
    authlete (1.40.0)
      rest-client (>= 1.7.2)
    domain_name (0.6.20240107)
    http-accept (1.7.0)
    http-cookie (1.1.0)
      domain_name (~> 0.5)
    logger (1.7.0)
    mime-types (3.7.0)
      logger
      mime-types-data (~> 3.2025, >= 3.2025.0507)
    mime-types-data (3.2026.0224)
    netrc (0.11.0)
    rack (3.2.5)
    rest-client (2.1.0)
      http-accept (>= 1.7.0, < 2.0)
      http-cookie (>= 1.0.2, < 2.0)
      mime-types (>= 1.16, < 4.0)
      netrc (~> 0.8)

PLATFORMS
  ruby
  x86_64-linux

DEPENDENCIES
  authlete
  rack

RUBY VERSION
   ruby 3.4.8p72

BUNDLED WITH
   2.6.9
